// !$*UTF8*$!
{
	archiveVersion = 1;
	classes = {
	};
	objectVersion = 46;
	objects = {

/* Begin PBXBuildFile section */
		05CEF7CB1A4710340050D42B /* main.m in Sources */ = {isa = PBXBuildFile; fileRef = 05CEF7CA1A4710340050D42B /* main.m */; };
		05CEF7CE1A4710340050D42B /* AppDelegate.m in Sources */ = {isa = PBXBuildFile; fileRef = 05CEF7CD1A4710340050D42B /* AppDelegate.m */; };
		05CEF7D11A4710340050D42B /* ViewController.m in Sources */ = {isa = PBXBuildFile; fileRef = 05CEF7D01A4710340050D42B /* ViewController.m */; };
		05CEF7D41A4710340050D42B /* Main.storyboard in Resources */ = {isa = PBXBuildFile; fileRef = 05CEF7D21A4710340050D42B /* Main.storyboard */; };
		05CEF7D61A4710340050D42B /* Images.xcassets in Resources */ = {isa = PBXBuildFile; fileRef = 05CEF7D51A4710340050D42B /* Images.xcassets */; };
		05CEF7D91A4710340050D42B /* LaunchScreen.xib in Resources */ = {isa = PBXBuildFile; fileRef = 05CEF7D71A4710340050D42B /* LaunchScreen.xib */; };
		05CEF7E51A4710340050D42B /* Ejercicio3Tests.m in Sources */ = {isa = PBXBuildFile; fileRef = 05CEF7E41A4710340050D42B /* Ejercicio3Tests.m */; };
		05CEF7F01A472BD80050D42B /* ViewController2.m in Sources */ = {isa = PBXBuildFile; fileRef = 05CEF7EF1A472BD80050D42B /* ViewController2.m */; };
		05CEF7F31A473B5B0050D42B /* ViewController3.m in Sources */ = {isa = PBXBuildFile; fileRef = 05CEF7F21A473B5B0050D42B /* ViewController3.m */; };
/* End PBXBuildFile section */

/* Begin PBXContainerItemProxy section */
		05CEF7DF1A4710340050D42B /* PBXContainerItemProxy */ = {
			isa = PBXContainerItemProxy;
			containerPortal = 05CEF7BD1A4710330050D42B /* Project object */;
			proxyType = 1;
			remoteGlobalIDString = 05CEF7C41A4710330050D42B;
			remoteInfo = Ejercicio3;
		};
/* End PBXContainerItemProxy section */

/* Begin PBXFileReference section */
		05CEF7C51A4710340050D42B /* Ejercicio3.app */ = {isa = PBXFileReference; explicitFileType = wrapper.application; includeInIndex = 0; path = Ejercicio3.app; sourceTree = BUILT_PRODUCTS_DIR; };
		05CEF7C91A4710340050D42B /* Info.plist */ = {isa = PBXFileReference; lastKnownFileType = text.plist.xml; path = Info.plist; sourceTree = "<group>"; };
		05CEF7CA1A4710340050D42B /* main.m */ = {isa = PBXFileReference; lastKnownFileType = sourcecode.c.objc; path = main.m; sourceTree = "<group>"; };
		05CEF7CC1A4710340050D42B /* AppDelegate.h */ = {isa = PBXFileReference; lastKnownFileType = sourcecode.c.h; path = AppDelegate.h; sourceTree = "<group>"; };
		05CEF7CD1A4710340050D42B /* AppDelegate.m */ = {isa = PBXFileReference; lastKnownFileType = sourcecode.c.objc; path = AppDelegate.m; sourceTree = "<group>"; };
		05CEF7CF1A4710340050D42B /* ViewController.h */ = {isa = PBXFileReference; lastKnownFileType = sourcecode.c.h; path = ViewController.h; sourceTree = "<group>"; };
		05CEF7D01A4710340050D42B /* ViewController.m */ = {isa = PBXFileReference; lastKnownFileType = sourcecode.c.objc; path = ViewController.m; sourceTree = "<group>"; };
		05CEF7D31A4710340050D42B /* Base */ = {isa = PBXFileReference; lastKnownFileType = file.storyboard; name = Base; path = Base.lproj/Main.storyboard; sourceTree = "<group>"; };
		05CEF7D51A4710340050D42B /* Images.xcassets */ = {isa = PBXFileReference; lastKnownFileType = folder.assetcatalog; path = Images.xcassets; sourceTree = "<group>"; };
		05CEF7D81A4710340050D42B /* Base */ = {isa = PBXFileReference; lastKnownFileType = file.xib; name = Base; path = Base.lproj/LaunchScreen.xib; sourceTree = "<group>"; };
		05CEF7DE1A4710340050D42B /* Ejercicio3Tests.xctest */ = {isa = PBXFileReference; explicitFileType = wrapper.cfbundle; includeInIndex = 0; path = Ejercicio3Tests.xctest; sourceTree = BUILT_PRODUCTS_DIR; };
		05CEF7E31A4710340050D42B /* Info.plist */ = {isa = PBXFileReference; lastKnownFileType = text.plist.xml; path = Info.plist; sourceTree = "<group>"; };
		05CEF7E41A4710340050D42B /* Ejercicio3Tests.m */ = {isa = PBXFileReference; lastKnownFileType = sourcecode.c.objc; path = Ejercicio3Tests.m; sourceTree = "<group>"; };
		05CEF7EE1A472BD80050D42B /* ViewController2.h */ = {isa = PBXFileReference; fileEncoding = 4; lastKnownFileType = sourcecode.c.h; path = ViewController2.h; sourceTree = "<group>"; };
		05CEF7EF1A472BD80050D42B /* ViewController2.m */ = {isa = PBXFileReference; fileEncoding = 4; lastKnownFileType = sourcecode.c.objc; path = ViewController2.m; sourceTree = "<group>"; };
		05CEF7F11A473B5B0050D42B /* ViewController3.h */ = {isa = PBXFileReference; fileEncoding = 4; lastKnownFileType = sourcecode.c.h; path = ViewController3.h; sourceTree = "<group>"; };
		05CEF7F21A473B5B0050D42B /* ViewController3.m */ = {isa = PBXFileReference; fileEncoding = 4; lastKnownFileType = sourcecode.c.objc; path = ViewController3.m; sourceTree = "<group>"; };
/* End PBXFileReference section */

/* Begin PBXFrameworksBuildPhase section */
		05CEF7C21A4710330050D42B /* Frameworks */ = {
			isa = PBXFrameworksBuildPhase;
			buildActionMask = 2147483647;
			files = (
			);
			runOnlyForDeploymentPostprocessing = 0;
		};
		05CEF7DB1A4710340050D42B /* Frameworks */ = {
			isa = PBXFrameworksBuildPhase;
			buildActionMask = 2147483647;
			files = (
			);
			runOnlyForDeploymentPostprocessing = 0;
		};
/* End PBXFrameworksBuildPhase section */

/* Begin PBXGroup section */
		05CEF7BC1A4710330050D42B = {
			isa = PBXGroup;
			children = (
				05CEF7C71A4710340050D42B /* Ejercicio3 */,
				05CEF7E11A4710340050D42B /* Ejercicio3Tests */,
				05CEF7C61A4710340050D42B /* Products */,
			);
			sourceTree = "<group>";
		};
		05CEF7C61A4710340050D42B /* Products */ = {
			isa = PBXGroup;
			children = (
				05CEF7C51A4710340050D42B /* Ejercicio3.app */,
				05CEF7DE1A4710340050D42B /* Ejercicio3Tests.xctest */,
			);
			name = Products;
			sourceTree = "<group>";
		};
		05CEF7C71A4710340050D42B /* Ejercicio3 */ = {
			isa = PBXGroup;
			children = (
				05CEF7CC1A4710340050D42B /* AppDelegate.h */,
				05CEF7CD1A4710340050D42B /* AppDelegate.m */,
				05CEF7CF1A4710340050D42B /* ViewController.h */,
				05CEF7D01A4710340050D42B /* ViewController.m */,
				05CEF7D21A4710340050D42B /* Main.storyboard */,
				05CEF7D51A4710340050D42B /* Images.xcassets */,
				05CEF7D71A4710340050D42B /* LaunchScreen.xib */,
				05CEF7C81A4710340050D42B /* Supporting Files */,
				05CEF7EE1A472BD80050D42B /* ViewController2.h */,
				05CEF7EF1A472BD80050D42B /* ViewController2.m */,
				05CEF7F11A473B5B0050D42B /* ViewController3.h */,
				05CEF7F21A473B5B0050D42B /* ViewController3.m */,
			);
			path = Ejercicio3;
			sourceTree = "<group>";
		};
		05CEF7C81A4710340050D42B /* Supporting Files */ = {
			isa = PBXGroup;
			children = (
				05CEF7C91A4710340050D42B /* Info.plist */,
				05CEF7CA1A4710340050D42B /* main.m */,
			);
			name = "Supporting Files";
			sourceTree = "<group>";
		};
		05CEF7E11A4710340050D42B /* Ejercicio3Tests */ = {
			isa = PBXGroup;
			children = (
				05CEF7E41A4710340050D42B /* Ejercicio3Tests.m */,
				05CEF7E21A4710340050D42B /* Supporting Files */,
			);
			path = Ejercicio3Tests;
			sourceTree = "<group>";
		};
		05CEF7E21A4710340050D42B /* Supporting Files */ = {
			isa = PBXGroup;
			children = (
				05CEF7E31A4710340050D42B /* Info.plist */,
			);
			name = "Supporting Files";
			sourceTree = "<group>";
		};
/* End PBXGroup section */

/* Begin PBXNativeTarget section */
		05CEF7C41A4710330050D42B /* Ejercicio3 */ = {
			isa = PBXNativeTarget;
			buildConfigurationList = 05CEF7E81A4710340050D42B /* Build configuration list for PBXNativeTarget "Ejercicio3" */;
			buildPhases = (
				05CEF7C11A4710330050D42B /* Sources */,
				05CEF7C21A4710330050D42B /* Frameworks */,
				05CEF7C31A4710330050D42B /* Resources */,
			);
			buildRules = (
			);
			dependencies = (
			);
			name = Ejercicio3;
			productName = Ejercicio3;
			productReference = 05CEF7C51A4710340050D42B /* Ejercicio3.app */;
			productType = "com.apple.product-type.application";
		};
		05CEF7DD1A4710340050D42B /* Ejercicio3Tests */ = {
			isa = PBXNativeTarget;
			buildConfigurationList = 05CEF7EB1A4710340050D42B /* Build configuration list for PBXNativeTarget "Ejercicio3Tests" */;
			buildPhases = (
				05CEF7DA1A4710340050D42B /* Sources */,
				05CEF7DB1A4710340050D42B /* Frameworks */,
				05CEF7DC1A4710340050D42B /* Resources */,
			);
			buildRules = (
			);
			dependencies = (
				05CEF7E01A4710340050D42B /* PBXTargetDependency */,
			);
			name = Ejercicio3Tests;
			productName = Ejercicio3Tests;
			productReference = 05CEF7DE1A4710340050D42B /* Ejercicio3Tests.xctest */;
			productType = "com.apple.product-type.bundle.unit-test";
		};
/* End PBXNativeTarget section */

/* Begin PBXProject section */
		05CEF7BD1A4710330050D42B /* Project object */ = {
			isa = PBXProject;
			attributes = {
				LastUpgradeCheck = 0610;
				ORGANIZATIONNAME = "Jonathan Pacheco";
				TargetAttributes = {
					05CEF7C41A4710330050D42B = {
						CreatedOnToolsVersion = 6.1.1;
					};
					05CEF7DD1A4710340050D42B = {
						CreatedOnToolsVersion = 6.1.1;
						TestTargetID = 05CEF7C41A4710330050D42B;
					};
				};
			};
			buildConfigurationList = 05CEF7C01A4710330050D42B /* Build configuration list for PBXProject "Ejercicio3" */;
			compatibilityVersion = "Xcode 3.2";
			developmentRegion = English;
			hasScannedForEncodings = 0;
			knownRegions = (
				en,
				Base,
			);
			mainGroup = 05CEF7BC1A4710330050D42B;
			productRefGroup = 05CEF7C61A4710340050D42B /* Products */;
			projectDirPath = "";
			projectRoot = "";
			targets = (
				05CEF7C41A4710330050D42B /* Ejercicio3 */,
				05CEF7DD1A4710340050D42B /* Ejercicio3Tests */,
			);
		};
/* End PBXProject section */

/* Begin PBXResourcesBuildPhase section */
		05CEF7C31A4710330050D42B /* Resources */ = {
			isa = PBXResourcesBuildPhase;
			buildActionMask = 2147483647;
			files = (
				05CEF7D41A4710340050D42B /* Main.storyboard in Resources */,
				05CEF7D91A4710340050D42B /* LaunchScreen.xib in Resources */,
				05CEF7D61A4710340050D42B /* Images.xcassets in Resources */,
			);
			runOnlyForDeploymentPostprocessing = 0;
		};
		05CEF7DC1A4710340050D42B /* Resources */ = {
			isa = PBXResourcesBuildPhase;
			buildActionMask = 2147483647;
			files = (
			);
			runOnlyForDeploymentPostprocessing = 0;
		};
/* End PBXResourcesBuildPhase section */

/* Begin PBXSourcesBuildPhase section */
		05CEF7C11A4710330050D42B /* Sources */ = {
			isa = PBXSourcesBuildPhase;
			buildActionMask = 2147483647;
			files = (
				05CEF7D11A4710340050D42B /* ViewController.m in Sources */,
				05CEF7F01A472BD80050D42B /* ViewController2.m in Sources */,
				05CEF7CE1A4710340050D42B /* AppDelegate.m in Sources */,
				05CEF7CB1A4710340050D42B /* main.m in Sources */,
				05CEF7F31A473B5B0050D42B /* ViewController3.m in Sources */,
			);
			runOnlyForDeploymentPostprocessing = 0;
		};
		05CEF7DA1A4710340050D42B /* Sources */ = {
			isa = PBXSourcesBuildPhase;
			buildActionMask = 2147483647;
			files = (
				05CEF7E51A4710340050D42B /* Ejercicio3Tests.m in Sources */,
			);
			runOnlyForDeploymentPostprocessing = 0;
		};
/* End PBXSourcesBuildPhase section */

/* Begin PBXTargetDependency section */
		05CEF7E01A4710340050D42B /* PBXTargetDependency */ = {
			isa = PBXTargetDependency;
			target = 05CEF7C41A4710330050D42B /* Ejercicio3 */;
			targetProxy = 05CEF7DF1A4710340050D42B /* PBXContainerItemProxy */;
		};
/* End PBXTargetDependency section */

/* Begin PBXVariantGroup section */
		05CEF7D21A4710340050D42B /* Main.storyboard */ = {
			isa = PBXVariantGroup;
			children = (
				05CEF7D31A4710340050D42B /* Base */,
			);
			name = Main.storyboard;
			sourceTree = "<group>";
		};
		05CEF7D71A4710340050D42B /* LaunchScreen.xib */ = {
			isa = PBXVariantGroup;
			children = (
				05CEF7D81A4710340050D42B /* Base */,
			);
			name = LaunchScreen.xib;
			sourceTree = "<group>";
		};
/* End PBXVariantGroup section */

/* Begin XCBuildConfiguration section */
		05CEF7E61A4710340050D42B /* Debug */ = {
			isa = XCBuildConfiguration;
			buildSettings = {
				ALWAYS_SEARCH_USER_PATHS = NO;
				CLANG_CXX_LANGUAGE_STANDARD = "gnu++0x";
				CLANG_CXX_LIBRARY = "libc++";
				CLANG_ENABLE_MODULES = YES;
				CLANG_ENABLE_OBJC_ARC = YES;
				CLANG_WARN_BOOL_CONVERSION = YES;
				CLANG_WARN_CONSTANT_CONVERSION = YES;
				CLANG_WARN_DIRECT_OBJC_ISA_USAGE = YES_ERROR;
				CLANG_WARN_EMPTY_BODY = YES;
				CLANG_WARN_ENUM_CONVERSION = YES;
				CLANG_WARN_INT_CONVERSION = YES;
				CLANG_WARN_OBJC_ROOT_CLASS = YES_ERROR;
				CLANG_WARN_UNREACHABLE_CODE = YES;
				CLANG_WARN__DUPLICATE_METHOD_MATCH = YES;
				"CODE_SIGN_IDENTITY[sdk=iphoneos*]" = "iPhone Developer";
				COPY_PHASE_STRIP = NO;
				ENABLE_STRICT_OBJC_MSGSEND = YES;
				GCC_C_LANGUAGE_STANDARD = gnu99;
				GCC_DYNAMIC_NO_PIC = NO;
				GCC_OPTIMIZATION_LEVEL = 0;
				GCC_PREPROCESSOR_DEFINITIONS = (
					"DEBUG=1",
					"$(inherited)",
				);
				GCC_SYMBOLS_PRIVATE_EXTERN = NO;
				GCC_WARN_64_TO_32_BIT_CONVERSION = YES;
				GCC_WARN_ABOUT_RETURN_TYPE = YES_ERROR;
				GCC_WARN_UNDECLARED_SELECTOR = YES;
				GCC_WARN_UNINITIALIZED_AUTOS = YES_AGGRESSIVE;
				GCC_WARN_UNUSED_FUNCTION = YES;
				GCC_WARN_UNUSED_VARIABLE = YES;
				IPHONEOS_DEPLOYMENT_TARGET = 8.1;
				MTL_ENABLE_DEBUG_INFO = YES;
				ONLY_ACTIVE_ARCH = YES;
				SDKROOT = iphoneos;
			};
			name = Debug;
		};
		05CEF7E71A4710340050D42B /* Release */ = {
			isa = XCBuildConfiguration;
			buildSettings = {
				ALWAYS_SEARCH_USER_PATHS = NO;
				CLANG_CXX_LANGUAGE_STANDARD = "gnu++0x";
				CLANG_CXX_LIBRARY = "libc++";
				CLANG_ENABLE_MODULES = YES;
				CLANG_ENABLE_OBJC_ARC = YES;
				CLANG_WARN_BOOL_CONVERSION = YES;
				CLANG_WARN_CONSTANT_CONVERSION = YES;
				CLANG_WARN_DIRECT_OBJC_ISA_USAGE = YES_ERROR;
				CLANG_WARN_EMPTY_BODY = YES;
				CLANG_WARN_ENUM_CONVERSION = YES;
				CLANG_WARN_INT_CONVERSION = YES;
				CLANG_WARN_OBJC_ROOT_CLASS = YES_ERROR;
				CLANG_WARN_UNREACHABLE_CODE = YES;
				CLANG_WARN__DUPLICATE_METHOD_MATCH = YES;
				"CODE_SIGN_IDENTITY[sdk=iphoneos*]" = "iPhone Developer";
				COPY_PHASE_STRIP = YES;
				ENABLE_NS_ASSERTIONS = NO;
				ENABLE_STRICT_OBJC_MSGSEND = YES;
				GCC_C_LANGUAGE_STANDARD = gnu99;
				GCC_WARN_64_TO_32_BIT_CONVERSION = YES;
				GCC_WARN_ABOUT_RETURN_TYPE = YES_ERROR;
				GCC_WARN_UNDECLARED_SELECTOR = YES;
				GCC_WARN_UNINITIALIZED_AUTOS = YES_AGGRESSIVE;
				GCC_WARN_UNUSED_FUNCTION = YES;
				GCC_WARN_UNUSED_VARIABLE = YES;
				IPHONEOS_DEPLOYMENT_TARGET = 8.1;
				MTL_ENABLE_DEBUG_INFO = NO;
				SDKROOT = iphoneos;
				VALIDATE_PRODUCT = YES;
			};
			name = Release;
		};
		05CEF7E91A4710340050D42B /* Debug */ = {
			isa = XCBuildConfiguration;
			buildSettings = {
				ASSETCATALOG_COMPILER_APPICON_NAME = AppIcon;
				INFOPLIST_FILE = Ejercicio3/Info.plist;
				LD_RUNPATH_SEARCH_PATHS = "$(inherited) @executable_path/Frameworks";
				PRODUCT_NAME = "$(TARGET_NAME)";
			};
			name = Debug;
		};
		05CEF7EA1A4710340050D42B /* Release */ = {
			isa = XCBuildConfiguration;
			buildSettings = {
				ASSETCATALOG_COMPILER_APPICON_NAME = AppIcon;
				INFOPLIST_FILE = Ejercicio3/Info.plist;
				LD_RUNPATH_SEARCH_PATHS = "$(inherited) @executable_path/Frameworks";
				PRODUCT_NAME = "$(TARGET_NAME)";
			};
			name = Release;
		};
		05CEF7EC1A4710340050D42B /* Debug */ = {
			isa = XCBuildConfiguration;
			buildSettings = {
				BUNDLE_LOADER = "$(TEST_HOST)";
				FRAMEWORK_SEARCH_PATHS = (
					"$(SDKROOT)/Developer/Library/Frameworks",
					"$(inherited)",
				);
				GCC_PREPROCESSOR_DEFINITIONS = (
					"DEBUG=1",
					"$(inherited)",
				);
				INFOPLIST_FILE = Ejercicio3Tests/Info.plist;
				LD_RUNPATH_SEARCH_PATHS = "$(inherited) @executable_path/Frameworks @loader_path/Frameworks";
				PRODUCT_NAME = "$(TARGET_NAME)";
				TEST_HOST = "$(BUILT_PRODUCTS_DIR)/Ejercicio3.app/Ejercicio3";
			};
			name = Debug;
		};
		05CEF7ED1A4710340050D42B /* Release */ = {
			isa = XCBuildConfiguration;
			buildSettings = {
				BUNDLE_LOADER = "$(TEST_HOST)";
				FRAMEWORK_SEARCH_PATHS = (
					"$(SDKROOT)/Developer/Library/Frameworks",
					"$(inherited)",
				);
				INFOPLIST_FILE = Ejercicio3Tests/Info.plist;
				LD_RUNPATH_SEARCH_PATHS = "$(inherited) @executable_path/Frameworks @loader_path/Frameworks";
				PRODUCT_NAME = "$(TARGET_NAME)";
				TEST_HOST = "$(BUILT_PRODUCTS_DIR)/Ejercicio3.app/Ejercicio3";
			};
			name = Release;
		};
/* End XCBuildConfiguration section */

/* Begin XCConfigurationList section */
		05CEF7C01A4710330050D42B /* Build configuration list for PBXProject "Ejercicio3" */ = {
			isa = XCConfigurationList;
			buildConfigurations = (
				05CEF7E61A4710340050D42B /* Debug */,
				05CEF7E71A4710340050D42B /* Release */,
			);
			defaultConfigurationIsVisible = 0;
			defaultConfigurationName = Release;
		};
		05CEF7E81A4710340050D42B /* Build configuration list for PBXNativeTarget "Ejercicio3" */ = {
			isa = XCConfigurationList;
			buildConfigurations = (
				05CEF7E91A4710340050D42B /* Debug */,
				05CEF7EA1A4710340050D42B /* Release */,
			);
			defaultConfigurationIsVisible = 0;
		};
		05CEF7EB1A4710340050D42B /* Build configuration list for PBXNativeTarget "Ejercicio3Tests" */ = {
			isa = XCConfigurationList;
			buildConfigurations = (
				05CEF7EC1A4710340050D42B /* Debug */,
				05CEF7ED1A4710340050D42B /* Release */,
			);
			defaultConfigurationIsVisible = 0;
		};
/* End XCConfigurationList section */
	};
	rootObject = 05CEF7BD1A4710330050D42B /* Project object */;
}
